
Microsoft Visual Studio Solution File, Format Version 12.00
# Visual Studio Version 17
VisualStudioVersion = 17.3.32819.101
MinimumVisualStudioVersion = 10.0.40219.1
Project("{FAE04EC0-301F-11D3-BF4B-00C04F79EFBC}") = "LearningJWT", "LearningJWT\LearningJWT.csproj", "{62F70281-C314-44EC-8DA4-85BD29023B3B}"
EndProject
Global
	GlobalSection(SolutionConfigurationPlatforms) = preSolution
		Debug|Any CPU = Debug|Any CPU
		Release|Any CPU = Release|Any CPU
	EndGlobalSection
	GlobalSection(ProjectConfigurationPlatforms) = postSolution
		{62F70281-C314-44EC-8DA4-85BD29023B3B}.Debug|Any CPU.ActiveCfg = Debug|Any CPU
		{62F70281-C314-44EC-8DA4-85BD29023B3B}.Debug|Any CPU.Build.0 = Debug|Any CPU
		{62F70281-C314-44EC-8DA4-85BD29023B3B}.Release|Any CPU.ActiveCfg = Release|Any CPU
		{62F70281-C314-44EC-8DA4-85BD29023B3B}.Release|Any CPU.Build.0 = Release|Any CPU
	EndGlobalSection
	GlobalSection(SolutionProperties) = preSolution
		HideSolutionNode = FALSE
	EndGlobalSection
	GlobalSection(ExtensibilityGlobals) = postSolution
		SolutionGuid = {CF985162-E4F3-43FD-8177-2BB60497CD6C}
	EndGlobalSection
EndGlobal
